// !$*UTF8*$!
{
	archiveVersion = 1;
	classes = {
	};
	objectVersion = 46;
	objects = {

/* Begin PBXBuildFile section */
		E3B084B31EFF885800CAA2EE /* AppDelegate.swift in Sources */ = {isa = PBXBuildFile; fileRef = E3B084B21EFF885800CAA2EE /* AppDelegate.swift */; };
		E3B084B81EFF885800CAA2EE /* Main.storyboard in Resources */ = {isa = PBXBuildFile; fileRef = E3B084B61EFF885800CAA2EE /* Main.storyboard */; };
		E3B084BB1EFF885800CAA2EE /* ExpandingCardPrototypeSwift.xcdatamodeld in Sources */ = {isa = PBXBuildFile; fileRef = E3B084B91EFF885800CAA2EE /* ExpandingCardPrototypeSwift.xcdatamodeld */; };
		E3B084BD1EFF885800CAA2EE /* Assets.xcassets in Resources */ = {isa = PBXBuildFile; fileRef = E3B084BC1EFF885800CAA2EE /* Assets.xcassets */; };
		E3B084C01EFF885800CAA2EE /* LaunchScreen.storyboard in Resources */ = {isa = PBXBuildFile; fileRef = E3B084BE1EFF885800CAA2EE /* LaunchScreen.storyboard */; };
		E3B084C91EFF889F00CAA2EE /* CardViewController.swift in Sources */ = {isa = PBXBuildFile; fileRef = E3B084C71EFF889F00CAA2EE /* CardViewController.swift */; };
		E3B084CA1EFF889F00CAA2EE /* CardViewController.xib in Resources */ = {isa = PBXBuildFile; fileRef = E3B084C81EFF889F00CAA2EE /* CardViewController.xib */; };
/* End PBXBuildFile section */

/* Begin PBXFileReference section */
		E3B084AF1EFF885800CAA2EE /* ExpandingCardPrototypeSwift.app */ = {isa = PBXFileReference; explicitFileType = wrapper.application; includeInIndex = 0; path = ExpandingCardPrototypeSwift.app; sourceTree = BUILT_PRODUCTS_DIR; };
		E3B084B21EFF885800CAA2EE /* AppDelegate.swift */ = {isa = PBXFileReference; lastKnownFileType = sourcecode.swift; path = AppDelegate.swift; sourceTree = "<group>"; };
		E3B084B71EFF885800CAA2EE /* Base */ = {isa = PBXFileReference; lastKnownFileType = file.storyboard; name = Base; path = Base.lproj/Main.storyboard; sourceTree = "<group>"; };
		E3B084BA1EFF885800CAA2EE /* ExpandingCardPrototypeSwift.xcdatamodel */ = {isa = PBXFileReference; lastKnownFileType = wrapper.xcdatamodel; path = ExpandingCardPrototypeSwift.xcdatamodel; sourceTree = "<group>"; };
		E3B084BC1EFF885800CAA2EE /* Assets.xcassets */ = {isa = PBXFileReference; lastKnownFileType = folder.assetcatalog; path = Assets.xcassets; sourceTree = "<group>"; };
		E3B084BF1EFF885800CAA2EE /* Base */ = {isa = PBXFileReference; lastKnownFileType = file.storyboard; name = Base; path = Base.lproj/LaunchScreen.storyboard; sourceTree = "<group>"; };
		E3B084C11EFF885800CAA2EE /* Info.plist */ = {isa = PBXFileReference; lastKnownFileType = text.plist.xml; path = Info.plist; sourceTree = "<group>"; };
		E3B084C71EFF889F00CAA2EE /* CardViewController.swift */ = {isa = PBXFileReference; fileEncoding = 4; lastKnownFileType = sourcecode.swift; path = CardViewController.swift; sourceTree = "<group>"; };
		E3B084C81EFF889F00CAA2EE /* CardViewController.xib */ = {isa = PBXFileReference; fileEncoding = 4; lastKnownFileType = file.xib; path = CardViewController.xib; sourceTree = "<group>"; };
/* End PBXFileReference section */

/* Begin PBXFrameworksBuildPhase section */
		E3B084AC1EFF885800CAA2EE /* Frameworks */ = {
			isa = PBXFrameworksBuildPhase;
			buildActionMask = 2147483647;
			files = (
			);
			runOnlyForDeploymentPostprocessing = 0;
		};
/* End PBXFrameworksBuildPhase section */

/* Begin PBXGroup section */
		E3B084A61EFF885800CAA2EE = {
			isa = PBXGroup;
			children = (
				E3B084B11EFF885800CAA2EE /* ExpandingCardPrototypeSwift */,
				E3B084B01EFF885800CAA2EE /* Products */,
			);
			sourceTree = "<group>";
		};
		E3B084B01EFF885800CAA2EE /* Products */ = {
			isa = PBXGroup;
			children = (
				E3B084AF1EFF885800CAA2EE /* ExpandingCardPrototypeSwift.app */,
			);
			name = Products;
			sourceTree = "<group>";
		};
		E3B084B11EFF885800CAA2EE /* ExpandingCardPrototypeSwift */ = {
			isa = PBXGroup;
			children = (
				E3B084B21EFF885800CAA2EE /* AppDelegate.swift */,
				E3B084B61EFF885800CAA2EE /* Main.storyboard */,
				E3B084C71EFF889F00CAA2EE /* CardViewController.swift */,
				E3B084C81EFF889F00CAA2EE /* CardViewController.xib */,
				E3B084BC1EFF885800CAA2EE /* Assets.xcassets */,
				E3B084BE1EFF885800CAA2EE /* LaunchScreen.storyboard */,
				E3B084C11EFF885800CAA2EE /* Info.plist */,
				E3B084B91EFF885800CAA2EE /* ExpandingCardPrototypeSwift.xcdatamodeld */,
			);
			path = ExpandingCardPrototypeSwift;
			sourceTree = "<group>";
		};
/* End PBXGroup section */

/* Begin PBXNativeTarget section */
		E3B084AE1EFF885800CAA2EE /* ExpandingCardPrototypeSwift */ = {
			isa = PBXNativeTarget;
			buildConfigurationList = E3B084C41EFF885800CAA2EE /* Build configuration list for PBXNativeTarget "ExpandingCardPrototypeSwift" */;
			buildPhases = (
				E3B084AB1EFF885800CAA2EE /* Sources */,
				E3B084AC1EFF885800CAA2EE /* Frameworks */,
				E3B084AD1EFF885800CAA2EE /* Resources */,
			);
			buildRules = (
			);
			dependencies = (
			);
			name = ExpandingCardPrototypeSwift;
			productName = ExpandingCardPrototypeSwift;
			productReference = E3B084AF1EFF885800CAA2EE /* ExpandingCardPrototypeSwift.app */;
			productType = "com.apple.product-type.application";
		};
/* End PBXNativeTarget section */

/* Begin PBXProject section */
		E3B084A71EFF885800CAA2EE /* Project object */ = {
			isa = PBXProject;
			attributes = {
				LastSwiftUpdateCheck = 0830;
				LastUpgradeCheck = 0830;
				ORGANIZATIONNAME = "Eric Park";
				TargetAttributes = {
					E3B084AE1EFF885800CAA2EE = {
						CreatedOnToolsVersion = 8.3.3;
						DevelopmentTeam = 94CZVWLG85;
						ProvisioningStyle = Automatic;
					};
				};
			};
			buildConfigurationList = E3B084AA1EFF885800CAA2EE /* Build configuration list for PBXProject "ExpandingCardPrototypeSwift" */;
			compatibilityVersion = "Xcode 3.2";
			developmentRegion = English;
			hasScannedForEncodings = 0;
			knownRegions = (
				en,
				Base,
			);
			mainGroup = E3B084A61EFF885800CAA2EE;
			productRefGroup = E3B084B01EFF885800CAA2EE /* Products */;
			projectDirPath = "";
			projectRoot = "";
			targets = (
				E3B084AE1EFF885800CAA2EE /* ExpandingCardPrototypeSwift */,
			);
		};
/* End PBXProject section */

/* Begin PBXResourcesBuildPhase section */
		E3B084AD1EFF885800CAA2EE /* Resources */ = {
			isa = PBXResourcesBuildPhase;
			buildActionMask = 2147483647;
			files = (
				E3B084CA1EFF889F00CAA2EE /* CardViewController.xib in Resources */,
				E3B084C01EFF885800CAA2EE /* LaunchScreen.storyboard in Resources */,
				E3B084BD1EFF885800CAA2EE /* Assets.xcassets in Resources */,
				E3B084B81EFF885800CAA2EE /* Main.storyboard in Resources */,
			);
			runOnlyForDeploymentPostprocessing = 0;
		};
/* End PBXResourcesBuildPhase section */

/* Begin PBXSourcesBuildPhase section */
		E3B084AB1EFF885800CAA2EE /* Sources */ = {
			isa = PBXSourcesBuildPhase;
			buildActionMask = 2147483647;
			files = (
				E3B084BB1EFF885800CAA2EE /* ExpandingCardPrototypeSwift.xcdatamodeld in Sources */,
				E3B084B31EFF885800CAA2EE /* AppDelegate.swift in Sources */,
				E3B084C91EFF889F00CAA2EE /* CardViewController.swift in Sources */,
			);
			runOnlyForDeploymentPostprocessing = 0;
		};
/* End PBXSourcesBuildPhase section */

/* Begin PBXVariantGroup section */
		E3B084B61EFF885800CAA2EE /* Main.storyboard */ = {
			isa = PBXVariantGroup;
			children = (
				E3B084B71EFF885800CAA2EE /* Base */,
			);
			name = Main.storyboard;
			sourceTree = "<group>";
		};
		E3B084BE1EFF885800CAA2EE /* LaunchScreen.storyboard */ = {
			isa = PBXVariantGroup;
			children = (
				E3B084BF1EFF885800CAA2EE /* Base */,
			);
			name = LaunchScreen.storyboard;
			sourceTree = "<group>";
		};
/* End PBXVariantGroup section */

/* Begin XCBuildConfiguration section */
		E3B084C21EFF885800CAA2EE /* Debug */ = {
			isa = XCBuildConfiguration;
			buildSettings = {
				ALWAYS_SEARCH_USER_PATHS = NO;
				CLANG_ANALYZER_NONNULL = YES;
				CLANG_ANALYZER_NUMBER_OBJECT_CONVERSION = YES_AGGRESSIVE;
				CLANG_CXX_LANGUAGE_STANDARD = "gnu++0x";
				CLANG_CXX_LIBRARY = "libc++";
				CLANG_ENABLE_MODULES = YES;
				CLANG_ENABLE_OBJC_ARC = YES;
				CLANG_WARN_BOOL_CONVERSION = YES;
				CLANG_WARN_CONSTANT_CONVERSION = YES;
				CLANG_WARN_DIRECT_OBJC_ISA_USAGE = YES_ERROR;
				CLANG_WARN_DOCUMENTATION_COMMENTS = YES;
				CLANG_WARN_EMPTY_BODY = YES;
				CLANG_WARN_ENUM_CONVERSION = YES;
				CLANG_WARN_INFINITE_RECURSION = YES;
				CLANG_WARN_INT_CONVERSION = YES;
				CLANG_WARN_OBJC_ROOT_CLASS = YES_ERROR;
				CLANG_WARN_SUSPICIOUS_MOVE = YES;
				CLANG_WARN_UNREACHABLE_CODE = YES;
				CLANG_WARN__DUPLICATE_METHOD_MATCH = YES;
				"CODE_SIGN_IDENTITY[sdk=iphoneos*]" = "iPhone Developer";
				COPY_PHASE_STRIP = NO;
				DEBUG_INFORMATION_FORMAT = dwarf;
				ENABLE_STRICT_OBJC_MSGSEND = YES;
				ENABLE_TESTABILITY = YES;
				GCC_C_LANGUAGE_STANDARD = gnu99;
				GCC_DYNAMIC_NO_PIC = NO;
				GCC_NO_COMMON_BLOCKS = YES;
				GCC_OPTIMIZATION_LEVEL = 0;
				GCC_PREPROCESSOR_DEFINITIONS = (
					"DEBUG=1",
					"$(inherited)",
				);
				GCC_WARN_64_TO_32_BIT_CONVERSION = YES;
				GCC_WARN_ABOUT_RETURN_TYPE = YES_ERROR;
				GCC_WARN_UNDECLARED_SELECTOR = YES;
				GCC_WARN_UNINITIALIZED_AUTOS = YES_AGGRESSIVE;
				GCC_WARN_UNUSED_FUNCTION = YES;
				GCC_WARN_UNUSED_VARIABLE = YES;
				IPHONEOS_DEPLOYMENT_TARGET = 10.3;
				MTL_ENABLE_DEBUG_INFO = YES;
				ONLY_ACTIVE_ARCH = YES;
				SDKROOT = iphoneos;
				SWIFT_ACTIVE_COMPILATION_CONDITIONS = DEBUG;
				SWIFT_OPTIMIZATION_LEVEL = "-Onone";
			};
			name = Debug;
		};
		E3B084C31EFF885800CAA2EE /* Release */ = {
			isa = XCBuildConfiguration;
			buildSettings = {
				ALWAYS_SEARCH_USER_PATHS = NO;
				CLANG_ANALYZER_NONNULL = YES;
				CLANG_ANALYZER_NUMBER_OBJECT_CONVERSION = YES_AGGRESSIVE;
				CLANG_CXX_LANGUAGE_STANDARD = "gnu++0x";
				CLANG_CXX_LIBRARY = "libc++";
				CLANG_ENABLE_MODULES = YES;
				CLANG_ENABLE_OBJC_ARC = YES;
				CLANG_WARN_BOOL_CONVERSION = YES;
				CLANG_WARN_CONSTANT_CONVERSION = YES;
				CLANG_WARN_DIRECT_OBJC_ISA_USAGE = YES_ERROR;
				CLANG_WARN_DOCUMENTATION_COMMENTS = YES;
				CLANG_WARN_EMPTY_BODY = YES;
				CLANG_WARN_ENUM_CONVERSION = YES;
				CLANG_WARN_INFINITE_RECURSION = YES;
				CLANG_WARN_INT_CONVERSION = YES;
				CLANG_WARN_OBJC_ROOT_CLASS = YES_ERROR;
				CLANG_WARN_SUSPICIOUS_MOVE = YES;
				CLANG_WARN_UNREACHABLE_CODE = YES;
				CLANG_WARN__DUPLICATE_METHOD_MATCH = YES;
				"CODE_SIGN_IDENTITY[sdk=iphoneos*]" = "iPhone Developer";
				COPY_PHASE_STRIP = NO;
				DEBUG_INFORMATION_FORMAT = "dwarf-with-dsym";
				ENABLE_NS_ASSERTIONS = NO;
				ENABLE_STRICT_OBJC_MSGSEND = YES;
				GCC_C_LANGUAGE_STANDARD = gnu99;
				GCC_NO_COMMON_BLOCKS = YES;
				GCC_WARN_64_TO_32_BIT_CONVERSION = YES;
				GCC_WARN_ABOUT_RETURN_TYPE = YES_ERROR;
				GCC_WARN_UNDECLARED_SELECTOR = YES;
				GCC_WARN_UNINITIALIZED_AUTOS = YES_AGGRESSIVE;
				GCC_WARN_UNUSED_FUNCTION = YES;
				GCC_WARN_UNUSED_VARIABLE = YES;
				IPHONEOS_DEPLOYMENT_TARGET = 10.3;
				MTL_ENABLE_DEBUG_INFO = NO;
				SDKROOT = iphoneos;
				SWIFT_OPTIMIZATION_LEVEL = "-Owholemodule";
				VALIDATE_PRODUCT = YES;
			};
			name = Release;
		};
		E3B084C51EFF885800CAA2EE /* Debug */ = {
			isa = XCBuildConfiguration;
			buildSettings = {
				ASSETCATALOG_COMPILER_APPICON_NAME = AppIcon;
				DEVELOPMENT_TEAM = 94CZVWLG85;
				INFOPLIST_FILE = ExpandingCardPrototypeSwift/Info.plist;
				IPHONEOS_DEPLOYMENT_TARGET = 10.0;
				LD_RUNPATH_SEARCH_PATHS = "$(inherited) @executable_path/Frameworks";
				PRODUCT_BUNDLE_IDENTIFIER = com.ericspark.ExpandingCardPrototypeSwift;
				PRODUCT_NAME = "$(TARGET_NAME)";
				SWIFT_VERSION = 3.0;
			};
			name = Debug;
		};
		E3B084C61EFF885800CAA2EE /* Release */ = {
			isa = XCBuildConfiguration;
			buildSettings = {
				ASSETCATALOG_COMPILER_APPICON_NAME = AppIcon;
				DEVELOPMENT_TEAM = 94CZVWLG85;
				INFOPLIST_FILE = ExpandingCardPrototypeSwift/Info.plist;
				IPHONEOS_DEPLOYMENT_TARGET = 10.0;
				LD_RUNPATH_SEARCH_PATHS = "$(inherited) @executable_path/Frameworks";
				PRODUCT_BUNDLE_IDENTIFIER = com.ericspark.ExpandingCardPrototypeSwift;
				PRODUCT_NAME = "$(TARGET_NAME)";
				SWIFT_VERSION = 3.0;
			};
			name = Release;
		};
/* End XCBuildConfiguration section */

/* Begin XCConfigurationList section */
		E3B084AA1EFF885800CAA2EE /* Build configuration list for PBXProject "ExpandingCardPrototypeSwift" */ = {
			isa = XCConfigurationList;
			buildConfigurations = (
				E3B084C21EFF885800CAA2EE /* Debug */,
				E3B084C31EFF885800CAA2EE /* Release */,
			);
			defaultConfigurationIsVisible = 0;
			defaultConfigurationName = Release;
		};
		E3B084C41EFF885800CAA2EE /* Build configuration list for PBXNativeTarget "ExpandingCardPrototypeSwift" */ = {
			isa = XCConfigurationList;
			buildConfigurations = (
				E3B084C51EFF885800CAA2EE /* Debug */,
				E3B084C61EFF885800CAA2EE /* Release */,
			);
			defaultConfigurationIsVisible = 0;
		};
/* End XCConfigurationList section */

/* Begin XCVersionGroup section */
		E3B084B91EFF885800CAA2EE /* ExpandingCardPrototypeSwift.xcdatamodeld */ = {
			isa = XCVersionGroup;
			children = (
				E3B084BA1EFF885800CAA2EE /* ExpandingCardPrototypeSwift.xcdatamodel */,
			);
			currentVersion = E3B084BA1EFF885800CAA2EE /* ExpandingCardPrototypeSwift.xcdatamodel */;
			path = ExpandingCardPrototypeSwift.xcdatamodeld;
			sourceTree = "<group>";
			versionGroupType = wrapper.xcdatamodel;
		};
/* End XCVersionGroup section */
	};
	rootObject = E3B084A71EFF885800CAA2EE /* Project object */;
}
